
Microsoft Visual Studio Solution File, Format Version 12.00
# Visual Studio Version 17
VisualStudioVersion = 17.7.34009.444
MinimumVisualStudioVersion = 10.0.40219.1
Project("{9A19103F-16F7-4668-BE54-9A1E7A4F7556}") = "otel.api1", "otel.api1\otel.api1.csproj", "{ADC5E601-1B2C-4B03-B8F3-911F00245555}"
EndProject
Project("{9A19103F-16F7-4668-BE54-9A1E7A4F7556}") = "otel.models", "otel.models\otel.models.csproj", "{C0725395-54E5-4499-872F-5C9B50D22E6A}"
EndProject
Project("{FAE04EC0-301F-11D3-BF4B-00C04F79EFBC}") = "otel.api2", "otel.api2\otel.api2.csproj", "{8C1BE235-E358-4DB5-A5B2-E701A845E45A}"
EndProject
Project("{FAE04EC0-301F-11D3-BF4B-00C04F79EFBC}") = "otel.api3", "otel.api3\otel.api3.csproj", "{8FD9CFA3-3170-41D2-BEAD-56AD76CACE39}"
EndProject
Global
	GlobalSection(SolutionConfigurationPlatforms) = preSolution
		Debug|Any CPU = Debug|Any CPU
		Release|Any CPU = Release|Any CPU
	EndGlobalSection
	GlobalSection(ProjectConfigurationPlatforms) = postSolution
		{ADC5E601-1B2C-4B03-B8F3-911F00245555}.Debug|Any CPU.ActiveCfg = Debug|Any CPU
		{ADC5E601-1B2C-4B03-B8F3-911F00245555}.Debug|Any CPU.Build.0 = Debug|Any CPU
		{ADC5E601-1B2C-4B03-B8F3-911F00245555}.Release|Any CPU.ActiveCfg = Release|Any CPU
		{ADC5E601-1B2C-4B03-B8F3-911F00245555}.Release|Any CPU.Build.0 = Release|Any CPU
		{C0725395-54E5-4499-872F-5C9B50D22E6A}.Debug|Any CPU.ActiveCfg = Debug|Any CPU
		{C0725395-54E5-4499-872F-5C9B50D22E6A}.Debug|Any CPU.Build.0 = Debug|Any CPU
		{C0725395-54E5-4499-872F-5C9B50D22E6A}.Release|Any CPU.ActiveCfg = Release|Any CPU
		{C0725395-54E5-4499-872F-5C9B50D22E6A}.Release|Any CPU.Build.0 = Release|Any CPU
		{8C1BE235-E358-4DB5-A5B2-E701A845E45A}.Debug|Any CPU.ActiveCfg = Debug|Any CPU
		{8C1BE235-E358-4DB5-A5B2-E701A845E45A}.Debug|Any CPU.Build.0 = Debug|Any CPU
		{8C1BE235-E358-4DB5-A5B2-E701A845E45A}.Release|Any CPU.ActiveCfg = Release|Any CPU
		{8C1BE235-E358-4DB5-A5B2-E701A845E45A}.Release|Any CPU.Build.0 = Release|Any CPU
		{8FD9CFA3-3170-41D2-BEAD-56AD76CACE39}.Debug|Any CPU.ActiveCfg = Debug|Any CPU
		{8FD9CFA3-3170-41D2-BEAD-56AD76CACE39}.Debug|Any CPU.Build.0 = Debug|Any CPU
		{8FD9CFA3-3170-41D2-BEAD-56AD76CACE39}.Release|Any CPU.ActiveCfg = Release|Any CPU
		{8FD9CFA3-3170-41D2-BEAD-56AD76CACE39}.Release|Any CPU.Build.0 = Release|Any CPU
	EndGlobalSection
	GlobalSection(SolutionProperties) = preSolution
		HideSolutionNode = FALSE
	EndGlobalSection
	GlobalSection(ExtensibilityGlobals) = postSolution
		SolutionGuid = {67CF2B26-BE51-4F6D-A6C4-9673B1959C35}
	EndGlobalSection
EndGlobal
